// !$*UTF8*$!
{
	archiveVersion = 1;
	classes = {
	};
	objectVersion = 51;
	objects = {

/* Begin PBXBuildFile section */
		49B049FC02F10CBDF7C5BD7B /* Pods_SpringHW.framework in Frameworks */ = {isa = PBXBuildFile; fileRef = D2D2E8F1A774FDA3A5166EF9 /* Pods_SpringHW.framework */; };
		BC85A2422682633D00A032B4 /* AppDelegate.swift in Sources */ = {isa = PBXBuildFile; fileRef = BC85A2412682633D00A032B4 /* AppDelegate.swift */; };
		BC85A2442682633D00A032B4 /* SceneDelegate.swift in Sources */ = {isa = PBXBuildFile; fileRef = BC85A2432682633D00A032B4 /* SceneDelegate.swift */; };
		BC85A2462682633D00A032B4 /* ViewController.swift in Sources */ = {isa = PBXBuildFile; fileRef = BC85A2452682633D00A032B4 /* ViewController.swift */; };
		BC85A2492682633D00A032B4 /* Main.storyboard in Resources */ = {isa = PBXBuildFile; fileRef = BC85A2472682633D00A032B4 /* Main.storyboard */; };
		BC85A24B2682634100A032B4 /* Assets.xcassets in Resources */ = {isa = PBXBuildFile; fileRef = BC85A24A2682634100A032B4 /* Assets.xcassets */; };
		BC85A24E2682634100A032B4 /* LaunchScreen.storyboard in Resources */ = {isa = PBXBuildFile; fileRef = BC85A24C2682634100A032B4 /* LaunchScreen.storyboard */; };
		BC85A25626826D6F00A032B4 /* Data.swift in Sources */ = {isa = PBXBuildFile; fileRef = BC85A25526826D6F00A032B4 /* Data.swift */; };
		BC85A25A2682A8A400A032B4 /* Model.swift in Sources */ = {isa = PBXBuildFile; fileRef = BC85A2592682A8A400A032B4 /* Model.swift */; };
/* End PBXBuildFile section */

/* Begin PBXFileReference section */
		55E00E00759EE48ADF3E0982 /* Pods-SpringHW.release.xcconfig */ = {isa = PBXFileReference; includeInIndex = 1; lastKnownFileType = text.xcconfig; name = "Pods-SpringHW.release.xcconfig"; path = "Target Support Files/Pods-SpringHW/Pods-SpringHW.release.xcconfig"; sourceTree = "<group>"; };
		BC85A23E2682633D00A032B4 /* SpringHW.app */ = {isa = PBXFileReference; explicitFileType = wrapper.application; includeInIndex = 0; path = SpringHW.app; sourceTree = BUILT_PRODUCTS_DIR; };
		BC85A2412682633D00A032B4 /* AppDelegate.swift */ = {isa = PBXFileReference; lastKnownFileType = sourcecode.swift; path = AppDelegate.swift; sourceTree = "<group>"; };
		BC85A2432682633D00A032B4 /* SceneDelegate.swift */ = {isa = PBXFileReference; lastKnownFileType = sourcecode.swift; path = SceneDelegate.swift; sourceTree = "<group>"; };
		BC85A2452682633D00A032B4 /* ViewController.swift */ = {isa = PBXFileReference; lastKnownFileType = sourcecode.swift; path = ViewController.swift; sourceTree = "<group>"; };
		BC85A2482682633D00A032B4 /* Base */ = {isa = PBXFileReference; lastKnownFileType = file.storyboard; name = Base; path = Base.lproj/Main.storyboard; sourceTree = "<group>"; };
		BC85A24A2682634100A032B4 /* Assets.xcassets */ = {isa = PBXFileReference; lastKnownFileType = folder.assetcatalog; path = Assets.xcassets; sourceTree = "<group>"; };
		BC85A24D2682634100A032B4 /* Base */ = {isa = PBXFileReference; lastKnownFileType = file.storyboard; name = Base; path = Base.lproj/LaunchScreen.storyboard; sourceTree = "<group>"; };
		BC85A24F2682634100A032B4 /* Info.plist */ = {isa = PBXFileReference; lastKnownFileType = text.plist.xml; path = Info.plist; sourceTree = "<group>"; };
		BC85A25526826D6F00A032B4 /* Data.swift */ = {isa = PBXFileReference; lastKnownFileType = sourcecode.swift; path = Data.swift; sourceTree = "<group>"; };
		BC85A2592682A8A400A032B4 /* Model.swift */ = {isa = PBXFileReference; lastKnownFileType = sourcecode.swift; path = Model.swift; sourceTree = "<group>"; };
		D2D2E8F1A774FDA3A5166EF9 /* Pods_SpringHW.framework */ = {isa = PBXFileReference; explicitFileType = wrapper.framework; includeInIndex = 0; path = Pods_SpringHW.framework; sourceTree = BUILT_PRODUCTS_DIR; };
		FAE311271D3890580B7D11EA /* Pods-SpringHW.debug.xcconfig */ = {isa = PBXFileReference; includeInIndex = 1; lastKnownFileType = text.xcconfig; name = "Pods-SpringHW.debug.xcconfig"; path = "Target Support Files/Pods-SpringHW/Pods-SpringHW.debug.xcconfig"; sourceTree = "<group>"; };
/* End PBXFileReference section */

/* Begin PBXFrameworksBuildPhase section */
		BC85A23B2682633D00A032B4 /* Frameworks */ = {
			isa = PBXFrameworksBuildPhase;
			buildActionMask = 2147483647;
			files = (
				49B049FC02F10CBDF7C5BD7B /* Pods_SpringHW.framework in Frameworks */,
			);
			runOnlyForDeploymentPostprocessing = 0;
		};
/* End PBXFrameworksBuildPhase section */

/* Begin PBXGroup section */
		35F6B09F6621E56215683A1A /* Pods */ = {
			isa = PBXGroup;
			children = (
				FAE311271D3890580B7D11EA /* Pods-SpringHW.debug.xcconfig */,
				55E00E00759EE48ADF3E0982 /* Pods-SpringHW.release.xcconfig */,
			);
			path = Pods;
			sourceTree = "<group>";
		};
		BC85A2352682633D00A032B4 = {
			isa = PBXGroup;
			children = (
				BC85A2402682633D00A032B4 /* SpringHW */,
				BC85A23F2682633D00A032B4 /* Products */,
				35F6B09F6621E56215683A1A /* Pods */,
				C91458520BF3769A3D81FE41 /* Frameworks */,
			);
			sourceTree = "<group>";
		};
		BC85A23F2682633D00A032B4 /* Products */ = {
			isa = PBXGroup;
			children = (
				BC85A23E2682633D00A032B4 /* SpringHW.app */,
			);
			name = Products;
			sourceTree = "<group>";
		};
		BC85A2402682633D00A032B4 /* SpringHW */ = {
			isa = PBXGroup;
			children = (
				BC85A24F2682634100A032B4 /* Info.plist */,
				BC85A25F2682D12B00A032B4 /* Extensions */,
				BC85A25E2682D10800A032B4 /* Storyboards */,
				BC85A25D2682D0F400A032B4 /* ViewController */,
				BC85A25C2682D0E700A032B4 /* Data */,
				BC85A25B2682D0DA00A032B4 /* Model */,
			);
			path = SpringHW;
			sourceTree = "<group>";
		};
		BC85A25B2682D0DA00A032B4 /* Model */ = {
			isa = PBXGroup;
			children = (
				BC85A2592682A8A400A032B4 /* Model.swift */,
			);
			path = Model;
			sourceTree = "<group>";
		};
		BC85A25C2682D0E700A032B4 /* Data */ = {
			isa = PBXGroup;
			children = (
				BC85A25526826D6F00A032B4 /* Data.swift */,
			);
			path = Data;
			sourceTree = "<group>";
		};
		BC85A25D2682D0F400A032B4 /* ViewController */ = {
			isa = PBXGroup;
			children = (
				BC85A2452682633D00A032B4 /* ViewController.swift */,
			);
			path = ViewController;
			sourceTree = "<group>";
		};
		BC85A25E2682D10800A032B4 /* Storyboards */ = {
			isa = PBXGroup;
			children = (
				BC85A2472682633D00A032B4 /* Main.storyboard */,
				BC85A24C2682634100A032B4 /* LaunchScreen.storyboard */,
			);
			path = Storyboards;
			sourceTree = "<group>";
		};
		BC85A25F2682D12B00A032B4 /* Extensions */ = {
			isa = PBXGroup;
			children = (
				BC85A2412682633D00A032B4 /* AppDelegate.swift */,
				BC85A2432682633D00A032B4 /* SceneDelegate.swift */,
				BC85A24A2682634100A032B4 /* Assets.xcassets */,
			);
			path = Extensions;
			sourceTree = "<group>";
		};
		C91458520BF3769A3D81FE41 /* Frameworks */ = {
			isa = PBXGroup;
			children = (
				D2D2E8F1A774FDA3A5166EF9 /* Pods_SpringHW.framework */,
			);
			name = Frameworks;
			sourceTree = "<group>";
		};
/* End PBXGroup section */

/* Begin PBXNativeTarget section */
		BC85A23D2682633D00A032B4 /* SpringHW */ = {
			isa = PBXNativeTarget;
			buildConfigurationList = BC85A2522682634100A032B4 /* Build configuration list for PBXNativeTarget "SpringHW" */;
			buildPhases = (
				7B11963ACF1A3B39707AE7E7 /* [CP] Check Pods Manifest.lock */,
				BC85A23A2682633D00A032B4 /* Sources */,
				BC85A23B2682633D00A032B4 /* Frameworks */,
				BC85A23C2682633D00A032B4 /* Resources */,
				A73D246A566DC8C921B64193 /* [CP] Embed Pods Frameworks */,
			);
			buildRules = (
			);
			dependencies = (
			);
			name = SpringHW;
			productName = SpringHW;
			productReference = BC85A23E2682633D00A032B4 /* SpringHW.app */;
			productType = "com.apple.product-type.application";
		};
/* End PBXNativeTarget section */

/* Begin PBXProject section */
		BC85A2362682633D00A032B4 /* Project object */ = {
			isa = PBXProject;
			attributes = {
				LastSwiftUpdateCheck = 1250;
				LastUpgradeCheck = 1250;
				TargetAttributes = {
					BC85A23D2682633D00A032B4 = {
						CreatedOnToolsVersion = 12.5;
					};
				};
			};
			buildConfigurationList = BC85A2392682633D00A032B4 /* Build configuration list for PBXProject "SpringHW" */;
			compatibilityVersion = "Xcode 9.3";
			developmentRegion = en;
			hasScannedForEncodings = 0;
			knownRegions = (
				en,
				Base,
			);
			mainGroup = BC85A2352682633D00A032B4;
			productRefGroup = BC85A23F2682633D00A032B4 /* Products */;
			projectDirPath = "";
			projectRoot = "";
			targets = (
				BC85A23D2682633D00A032B4 /* SpringHW */,
			);
		};
/* End PBXProject section */

/* Begin PBXResourcesBuildPhase section */
		BC85A23C2682633D00A032B4 /* Resources */ = {
			isa = PBXResourcesBuildPhase;
			buildActionMask = 2147483647;
			files = (
				BC85A24E2682634100A032B4 /* LaunchScreen.storyboard in Resources */,
				BC85A24B2682634100A032B4 /* Assets.xcassets in Resources */,
				BC85A2492682633D00A032B4 /* Main.storyboard in Resources */,
			);
			runOnlyForDeploymentPostprocessing = 0;
		};
/* End PBXResourcesBuildPhase section */

/* Begin PBXShellScriptBuildPhase section */
		7B11963ACF1A3B39707AE7E7 /* [CP] Check Pods Manifest.lock */ = {
			isa = PBXShellScriptBuildPhase;
			buildActionMask = 2147483647;
			files = (
			);
			inputFileListPaths = (
			);
			inputPaths = (
				"${PODS_PODFILE_DIR_PATH}/Podfile.lock",
				"${PODS_ROOT}/Manifest.lock",
			);
			name = "[CP] Check Pods Manifest.lock";
			outputFileListPaths = (
			);
			outputPaths = (
				"$(DERIVED_FILE_DIR)/Pods-SpringHW-checkManifestLockResult.txt",
			);
			runOnlyForDeploymentPostprocessing = 0;
			shellPath = /bin/sh;
			shellScript = "diff \"${PODS_PODFILE_DIR_PATH}/Podfile.lock\" \"${PODS_ROOT}/Manifest.lock\" > /dev/null\nif [ $? != 0 ] ; then\n    # print error to STDERR\n    echo \"error: The sandbox is not in sync with the Podfile.lock. Run 'pod install' or update your CocoaPods installation.\" >&2\n    exit 1\nfi\n# This output is used by Xcode 'outputs' to avoid re-running this script phase.\necho \"SUCCESS\" > \"${SCRIPT_OUTPUT_FILE_0}\"\n";
			showEnvVarsInLog = 0;
		};
		A73D246A566DC8C921B64193 /* [CP] Embed Pods Frameworks */ = {
			isa = PBXShellScriptBuildPhase;
			buildActionMask = 2147483647;
			files = (
			);
			inputFileListPaths = (
				"${PODS_ROOT}/Target Support Files/Pods-SpringHW/Pods-SpringHW-frameworks-${CONFIGURATION}-input-files.xcfilelist",
			);
			name = "[CP] Embed Pods Frameworks";
			outputFileListPaths = (
				"${PODS_ROOT}/Target Support Files/Pods-SpringHW/Pods-SpringHW-frameworks-${CONFIGURATION}-output-files.xcfilelist",
			);
			runOnlyForDeploymentPostprocessing = 0;
			shellPath = /bin/sh;
			shellScript = "\"${PODS_ROOT}/Target Support Files/Pods-SpringHW/Pods-SpringHW-frameworks.sh\"\n";
			showEnvVarsInLog = 0;
		};
/* End PBXShellScriptBuildPhase section */

/* Begin PBXSourcesBuildPhase section */
		BC85A23A2682633D00A032B4 /* Sources */ = {
			isa = PBXSourcesBuildPhase;
			buildActionMask = 2147483647;
			files = (
				BC85A25A2682A8A400A032B4 /* Model.swift in Sources */,
				BC85A2462682633D00A032B4 /* ViewController.swift in Sources */,
				BC85A2422682633D00A032B4 /* AppDelegate.swift in Sources */,
				BC85A2442682633D00A032B4 /* SceneDelegate.swift in Sources */,
				BC85A25626826D6F00A032B4 /* Data.swift in Sources */,
			);
			runOnlyForDeploymentPostprocessing = 0;
		};
/* End PBXSourcesBuildPhase section */

/* Begin PBXVariantGroup section */
		BC85A2472682633D00A032B4 /* Main.storyboard */ = {
			isa = PBXVariantGroup;
			children = (
				BC85A2482682633D00A032B4 /* Base */,
			);
			name = Main.storyboard;
			sourceTree = "<group>";
		};
		BC85A24C2682634100A032B4 /* LaunchScreen.storyboard */ = {
			isa = PBXVariantGroup;
			children = (
				BC85A24D2682634100A032B4 /* Base */,
			);
			name = LaunchScreen.storyboard;
			sourceTree = "<group>";
		};
/* End PBXVariantGroup section */

/* Begin XCBuildConfiguration section */
		BC85A2502682634100A032B4 /* Debug */ = {
			isa = XCBuildConfiguration;
			buildSettings = {
				ALWAYS_SEARCH_USER_PATHS = NO;
				CLANG_ANALYZER_NONNULL = YES;
				CLANG_ANALYZER_NUMBER_OBJECT_CONVERSION = YES_AGGRESSIVE;
				CLANG_CXX_LANGUAGE_STANDARD = "gnu++14";
				CLANG_CXX_LIBRARY = "libc++";
				CLANG_ENABLE_MODULES = YES;
				CLANG_ENABLE_OBJC_ARC = YES;
				CLANG_ENABLE_OBJC_WEAK = YES;
				CLANG_WARN_BLOCK_CAPTURE_AUTORELEASING = YES;
				CLANG_WARN_BOOL_CONVERSION = YES;
				CLANG_WARN_COMMA = YES;
				CLANG_WARN_CONSTANT_CONVERSION = YES;
				CLANG_WARN_DEPRECATED_OBJC_IMPLEMENTATIONS = YES;
				CLANG_WARN_DIRECT_OBJC_ISA_USAGE = YES_ERROR;
				CLANG_WARN_DOCUMENTATION_COMMENTS = YES;
				CLANG_WARN_EMPTY_BODY = YES;
				CLANG_WARN_ENUM_CONVERSION = YES;
				CLANG_WARN_INFINITE_RECURSION = YES;
				CLANG_WARN_INT_CONVERSION = YES;
				CLANG_WARN_NON_LITERAL_NULL_CONVERSION = YES;
				CLANG_WARN_OBJC_IMPLICIT_RETAIN_SELF = YES;
				CLANG_WARN_OBJC_LITERAL_CONVERSION = YES;
				CLANG_WARN_OBJC_ROOT_CLASS = YES_ERROR;
				CLANG_WARN_QUOTED_INCLUDE_IN_FRAMEWORK_HEADER = YES;
				CLANG_WARN_RANGE_LOOP_ANALYSIS = YES;
				CLANG_WARN_STRICT_PROTOTYPES = YES;
				CLANG_WARN_SUSPICIOUS_MOVE = YES;
				CLANG_WARN_UNGUARDED_AVAILABILITY = YES_AGGRESSIVE;
				CLANG_WARN_UNREACHABLE_CODE = YES;
				CLANG_WARN__DUPLICATE_METHOD_MATCH = YES;
				COPY_PHASE_STRIP = NO;
				DEBUG_INFORMATION_FORMAT = dwarf;
				ENABLE_STRICT_OBJC_MSGSEND = YES;
				ENABLE_TESTABILITY = YES;
				GCC_C_LANGUAGE_STANDARD = gnu11;
				GCC_DYNAMIC_NO_PIC = NO;
				GCC_NO_COMMON_BLOCKS = YES;
				GCC_OPTIMIZATION_LEVEL = 0;
				GCC_PREPROCESSOR_DEFINITIONS = (
					"DEBUG=1",
					"$(inherited)",
				);
				GCC_WARN_64_TO_32_BIT_CONVERSION = YES;
				GCC_WARN_ABOUT_RETURN_TYPE = YES_ERROR;
				GCC_WARN_UNDECLARED_SELECTOR = YES;
				GCC_WARN_UNINITIALIZED_AUTOS = YES_AGGRESSIVE;
				GCC_WARN_UNUSED_FUNCTION = YES;
				GCC_WARN_UNUSED_VARIABLE = YES;
				IPHONEOS_DEPLOYMENT_TARGET = 14.5;
				MTL_ENABLE_DEBUG_INFO = INCLUDE_SOURCE;
				MTL_FAST_MATH = YES;
				ONLY_ACTIVE_ARCH = YES;
				SDKROOT = iphoneos;
				SWIFT_ACTIVE_COMPILATION_CONDITIONS = DEBUG;
				SWIFT_OPTIMIZATION_LEVEL = "-Onone";
			};
			name = Debug;
		};
		BC85A2512682634100A032B4 /* Release */ = {
			isa = XCBuildConfiguration;
			buildSettings = {
				ALWAYS_SEARCH_USER_PATHS = NO;
				CLANG_ANALYZER_NONNULL = YES;
				CLANG_ANALYZER_NUMBER_OBJECT_CONVERSION = YES_AGGRESSIVE;
				CLANG_CXX_LANGUAGE_STANDARD = "gnu++14";
				CLANG_CXX_LIBRARY = "libc++";
				CLANG_ENABLE_MODULES = YES;
				CLANG_ENABLE_OBJC_ARC = YES;
				CLANG_ENABLE_OBJC_WEAK = YES;
				CLANG_WARN_BLOCK_CAPTURE_AUTORELEASING = YES;
				CLANG_WARN_BOOL_CONVERSION = YES;
				CLANG_WARN_COMMA = YES;
				CLANG_WARN_CONSTANT_CONVERSION = YES;
				CLANG_WARN_DEPRECATED_OBJC_IMPLEMENTATIONS = YES;
				CLANG_WARN_DIRECT_OBJC_ISA_USAGE = YES_ERROR;
				CLANG_WARN_DOCUMENTATION_COMMENTS = YES;
				CLANG_WARN_EMPTY_BODY = YES;
				CLANG_WARN_ENUM_CONVERSION = YES;
				CLANG_WARN_INFINITE_RECURSION = YES;
				CLANG_WARN_INT_CONVERSION = YES;
				CLANG_WARN_NON_LITERAL_NULL_CONVERSION = YES;
				CLANG_WARN_OBJC_IMPLICIT_RETAIN_SELF = YES;
				CLANG_WARN_OBJC_LITERAL_CONVERSION = YES;
				CLANG_WARN_OBJC_ROOT_CLASS = YES_ERROR;
				CLANG_WARN_QUOTED_INCLUDE_IN_FRAMEWORK_HEADER = YES;
				CLANG_WARN_RANGE_LOOP_ANALYSIS = YES;
				CLANG_WARN_STRICT_PROTOTYPES = YES;
				CLANG_WARN_SUSPICIOUS_MOVE = YES;
				CLANG_WARN_UNGUARDED_AVAILABILITY = YES_AGGRESSIVE;
				CLANG_WARN_UNREACHABLE_CODE = YES;
				CLANG_WARN__DUPLICATE_METHOD_MATCH = YES;
				COPY_PHASE_STRIP = NO;
				DEBUG_INFORMATION_FORMAT = "dwarf-with-dsym";
				ENABLE_NS_ASSERTIONS = NO;
				ENABLE_STRICT_OBJC_MSGSEND = YES;
				GCC_C_LANGUAGE_STANDARD = gnu11;
				GCC_NO_COMMON_BLOCKS = YES;
				GCC_WARN_64_TO_32_BIT_CONVERSION = YES;
				GCC_WARN_ABOUT_RETURN_TYPE = YES_ERROR;
				GCC_WARN_UNDECLARED_SELECTOR = YES;
				GCC_WARN_UNINITIALIZED_AUTOS = YES_AGGRESSIVE;
				GCC_WARN_UNUSED_FUNCTION = YES;
				GCC_WARN_UNUSED_VARIABLE = YES;
				IPHONEOS_DEPLOYMENT_TARGET = 14.5;
				MTL_ENABLE_DEBUG_INFO = NO;
				MTL_FAST_MATH = YES;
				SDKROOT = iphoneos;
				SWIFT_COMPILATION_MODE = wholemodule;
				SWIFT_OPTIMIZATION_LEVEL = "-O";
				VALIDATE_PRODUCT = YES;
			};
			name = Release;
		};
		BC85A2532682634100A032B4 /* Debug */ = {
			isa = XCBuildConfiguration;
			baseConfigurationReference = FAE311271D3890580B7D11EA /* Pods-SpringHW.debug.xcconfig */;
			buildSettings = {
				ASSETCATALOG_COMPILER_APPICON_NAME = AppIcon;
				ASSETCATALOG_COMPILER_GLOBAL_ACCENT_COLOR_NAME = AccentColor;
				CODE_SIGN_STYLE = Automatic;
				DEVELOPMENT_TEAM = ATN5JCL522;
				INFOPLIST_FILE = SpringHW/Info.plist;
				LD_RUNPATH_SEARCH_PATHS = (
					"$(inherited)",
					"@executable_path/Frameworks",
				);
				PRODUCT_BUNDLE_IDENTIFIER = Work.SpringHW;
				PRODUCT_NAME = "$(TARGET_NAME)";
				SWIFT_VERSION = 5.0;
				TARGETED_DEVICE_FAMILY = "1,2";
			};
			name = Debug;
		};
		BC85A2542682634100A032B4 /* Release */ = {
			isa = XCBuildConfiguration;
			baseConfigurationReference = 55E00E00759EE48ADF3E0982 /* Pods-SpringHW.release.xcconfig */;
			buildSettings = {
				ASSETCATALOG_COMPILER_APPICON_NAME = AppIcon;
				ASSETCATALOG_COMPILER_GLOBAL_ACCENT_COLOR_NAME = AccentColor;
				CODE_SIGN_STYLE = Automatic;
				DEVELOPMENT_TEAM = ATN5JCL522;
				INFOPLIST_FILE = SpringHW/Info.plist;
				LD_RUNPATH_SEARCH_PATHS = (
					"$(inherited)",
					"@executable_path/Frameworks",
				);
				PRODUCT_BUNDLE_IDENTIFIER = Work.SpringHW;
				PRODUCT_NAME = "$(TARGET_NAME)";
				SWIFT_VERSION = 5.0;
				TARGETED_DEVICE_FAMILY = "1,2";
			};
			name = Release;
		};
/* End XCBuildConfiguration section */

/* Begin XCConfigurationList section */
		BC85A2392682633D00A032B4 /* Build configuration list for PBXProject "SpringHW" */ = {
			isa = XCConfigurationList;
			buildConfigurations = (
				BC85A2502682634100A032B4 /* Debug */,
				BC85A2512682634100A032B4 /* Release */,
			);
			defaultConfigurationIsVisible = 0;
			defaultConfigurationName = Release;
		};
		BC85A2522682634100A032B4 /* Build configuration list for PBXNativeTarget "SpringHW" */ = {
			isa = XCConfigurationList;
			buildConfigurations = (
				BC85A2532682634100A032B4 /* Debug */,
				BC85A2542682634100A032B4 /* Release */,
			);
			defaultConfigurationIsVisible = 0;
			defaultConfigurationName = Release;
		};
/* End XCConfigurationList section */
	};
	rootObject = BC85A2362682633D00A032B4 /* Project object */;
}
